// !$*UTF8*$!
{
	archiveVersion = 1;
	classes = {
	};
	objectVersion = 56;
	objects = {

/* Begin PBXBuildFile section */
		1DCA398A2AB8017B000E5EAF /* main.swift in Sources */ = {isa = PBXBuildFile; fileRef = 1DCA39892AB8017B000E5EAF /* main.swift */; };
/* End PBXBuildFile section */

/* Begin PBXCopyFilesBuildPhase section */
		1DC304042AA6455C00A683EB /* CopyFiles */ = {
			isa = PBXCopyFilesBuildPhase;
			buildActionMask = 2147483647;
			dstPath = /usr/share/man/man1/;
			dstSubfolderSpec = 0;
			files = (
			);
			runOnlyForDeploymentPostprocessing = 1;
		};
/* End PBXCopyFilesBuildPhase section */

/* Begin PBXFileReference section */
		1DC304062AA6455C00A683EB /* Algorithm */ = {isa = PBXFileReference; explicitFileType = "compiled.mach-o.executable"; includeInIndex = 0; path = Algorithm; sourceTree = BUILT_PRODUCTS_DIR; };
		1DC304152AA7493400A683EB /* 25304.swift */ = {isa = PBXFileReference; lastKnownFileType = sourcecode.swift; path = 25304.swift; sourceTree = "<group>"; };
		1DC304182AA7502C00A683EB /* 10807.swift */ = {isa = PBXFileReference; lastKnownFileType = sourcecode.swift; path = 10807.swift; sourceTree = "<group>"; };
		1DC3041A2AA7531400A683EB /* 1010.swift */ = {isa = PBXFileReference; lastKnownFileType = sourcecode.swift; path = 1010.swift; sourceTree = "<group>"; };
		1DC4CB1B2AA8F5770078A3B2 /* 27866.swift */ = {isa = PBXFileReference; lastKnownFileType = sourcecode.swift; path = 27866.swift; sourceTree = "<group>"; };
		1DCA39582AAACCA8000E5EAF /* 25314.swift */ = {isa = PBXFileReference; lastKnownFileType = sourcecode.swift; path = 25314.swift; sourceTree = "<group>"; };
		1DCA395A2AAB3838000E5EAF /* 10810.swift */ = {isa = PBXFileReference; lastKnownFileType = sourcecode.swift; path = 10810.swift; sourceTree = "<group>"; };
		1DCA395C2AACAFAD000E5EAF /* 2743.swift */ = {isa = PBXFileReference; lastKnownFileType = sourcecode.swift; path = 2743.swift; sourceTree = "<group>"; };
		1DCA395E2AACB2F7000E5EAF /* 9086.swift */ = {isa = PBXFileReference; lastKnownFileType = sourcecode.swift; path = 9086.swift; sourceTree = "<group>"; };
		1DCA39602AAD19AB000E5EAF /* 5622.swift */ = {isa = PBXFileReference; lastKnownFileType = sourcecode.swift; path = 5622.swift; sourceTree = "<group>"; };
		1DCA39622AAD1D39000E5EAF /* 11718.swift */ = {isa = PBXFileReference; lastKnownFileType = sourcecode.swift; path = 11718.swift; sourceTree = "<group>"; };
		1DCA39642AAEC968000E5EAF /* 2444.swift */ = {isa = PBXFileReference; lastKnownFileType = sourcecode.swift; path = 2444.swift; sourceTree = "<group>"; };
		1DCA39662AAECD90000E5EAF /* 10988.swift */ = {isa = PBXFileReference; lastKnownFileType = sourcecode.swift; path = 10988.swift; sourceTree = "<group>"; };
		1DCA39682AAEE6FA000E5EAF /* 25206.swift */ = {isa = PBXFileReference; lastKnownFileType = sourcecode.swift; path = 25206.swift; sourceTree = "<group>"; };
		1DCA396A2AB26EE9000E5EAF /* 1316.swift */ = {isa = PBXFileReference; lastKnownFileType = sourcecode.swift; path = 1316.swift; sourceTree = "<group>"; };
		1DCA396C2AB39176000E5EAF /* 10813.swift */ = {isa = PBXFileReference; lastKnownFileType = sourcecode.swift; path = 10813.swift; sourceTree = "<group>"; };
		1DCA396E2AB3959B000E5EAF /* 10811.swift */ = {isa = PBXFileReference; lastKnownFileType = sourcecode.swift; path = 10811.swift; sourceTree = "<group>"; };
		1DCA39702AB39B85000E5EAF /* 2941.swift */ = {isa = PBXFileReference; lastKnownFileType = sourcecode.swift; path = 2941.swift; sourceTree = "<group>"; };
		1DCA39722AB4EF63000E5EAF /* 2738.swift */ = {isa = PBXFileReference; lastKnownFileType = sourcecode.swift; path = 2738.swift; sourceTree = "<group>"; };
		1DCA39742AB501CD000E5EAF /* 2566.swift */ = {isa = PBXFileReference; lastKnownFileType = sourcecode.swift; path = 2566.swift; sourceTree = "<group>"; };
		1DCA39762AB507B6000E5EAF /* 10798.swift */ = {isa = PBXFileReference; lastKnownFileType = sourcecode.swift; path = 10798.swift; sourceTree = "<group>"; };
		1DCA397B2AB5B4BA000E5EAF /* 2563.swift */ = {isa = PBXFileReference; lastKnownFileType = sourcecode.swift; path = 2563.swift; sourceTree = "<group>"; };
		1DCA397D2AB6566F000E5EAF /* 2745.swift */ = {isa = PBXFileReference; lastKnownFileType = sourcecode.swift; path = 2745.swift; sourceTree = "<group>"; };
		1DCA397F2AB65967000E5EAF /* 11005.swift */ = {isa = PBXFileReference; lastKnownFileType = sourcecode.swift; path = 11005.swift; sourceTree = "<group>"; };
		1DCA39812AB79F1D000E5EAF /* 2720.swift */ = {isa = PBXFileReference; lastKnownFileType = sourcecode.swift; path = 2720.swift; sourceTree = "<group>"; };
		1DCA39852AB7A53F000E5EAF /* 2903.swift */ = {isa = PBXFileReference; lastKnownFileType = sourcecode.swift; path = 2903.swift; sourceTree = "<group>"; };
		1DCA39892AB8017B000E5EAF /* main.swift */ = {isa = PBXFileReference; lastKnownFileType = sourcecode.swift; path = main.swift; sourceTree = "<group>"; };
/* End PBXFileReference section */

/* Begin PBXFrameworksBuildPhase section */
		1DC304032AA6455C00A683EB /* Frameworks */ = {
			isa = PBXFrameworksBuildPhase;
			buildActionMask = 2147483647;
			files = (
			);
			runOnlyForDeploymentPostprocessing = 0;
		};
/* End PBXFrameworksBuildPhase section */

/* Begin PBXGroup section */
		1DC303FD2AA6455C00A683EB = {
			isa = PBXGroup;
			children = (
				1DCA39572AAACC09000E5EAF /* Algorithm_Class */,
				1DC304142AA747D800A683EB /* Algorithm_silver */,
				1DC304082AA6455C00A683EB /* Algorithm_boj */,
				1DC304072AA6455C00A683EB /* Products */,
			);
			sourceTree = "<group>";
		};
		1DC304072AA6455C00A683EB /* Products */ = {
			isa = PBXGroup;
			children = (
				1DC304062AA6455C00A683EB /* Algorithm */,
			);
			name = Products;
			sourceTree = "<group>";
		};
		1DC304082AA6455C00A683EB /* Algorithm_boj */ = {
			isa = PBXGroup;
			children = (
				1DC304152AA7493400A683EB /* 25304.swift */,
				1DC304182AA7502C00A683EB /* 10807.swift */,
				1DC3041A2AA7531400A683EB /* 1010.swift */,
				1DC4CB1B2AA8F5770078A3B2 /* 27866.swift */,
			);
			path = Algorithm_boj;
			sourceTree = "<group>";
		};
		1DC304142AA747D800A683EB /* Algorithm_silver */ = {
			isa = PBXGroup;
			children = (
				1DCA39762AB507B6000E5EAF /* 10798.swift */,
				1DCA397B2AB5B4BA000E5EAF /* 2563.swift */,
				1DCA397D2AB6566F000E5EAF /* 2745.swift */,
				1DCA397F2AB65967000E5EAF /* 11005.swift */,
				1DCA39812AB79F1D000E5EAF /* 2720.swift */,
				1DCA39852AB7A53F000E5EAF /* 2903.swift */,
				1DCA39892AB8017B000E5EAF /* main.swift */,
				1DCA39742AB501CD000E5EAF /* 2566.swift */,
				1DCA39722AB4EF63000E5EAF /* 2738.swift */,
			);
			path = Algorithm_silver;
			sourceTree = "<group>";
		};
		1DCA39572AAACC09000E5EAF /* Algorithm_Class */ = {
			isa = PBXGroup;
			children = (
				1DCA39582AAACCA8000E5EAF /* 25314.swift */,
				1DCA395A2AAB3838000E5EAF /* 10810.swift */,
				1DCA395C2AACAFAD000E5EAF /* 2743.swift */,
				1DCA395E2AACB2F7000E5EAF /* 9086.swift */,
				1DCA39602AAD19AB000E5EAF /* 5622.swift */,
				1DCA39622AAD1D39000E5EAF /* 11718.swift */,
				1DCA39642AAEC968000E5EAF /* 2444.swift */,
				1DCA39662AAECD90000E5EAF /* 10988.swift */,
				1DCA39682AAEE6FA000E5EAF /* 25206.swift */,
				1DCA396A2AB26EE9000E5EAF /* 1316.swift */,
				1DCA396C2AB39176000E5EAF /* 10813.swift */,
				1DCA396E2AB3959B000E5EAF /* 10811.swift */,
				1DCA39702AB39B85000E5EAF /* 2941.swift */,
			);
			path = Algorithm_Class;
			sourceTree = "<group>";
		};
/* End PBXGroup section */

/* Begin PBXNativeTarget section */
		1DC304052AA6455C00A683EB /* Algorithm */ = {
			isa = PBXNativeTarget;
			buildConfigurationList = 1DC3040D2AA6455C00A683EB /* Build configuration list for PBXNativeTarget "Algorithm" */;
			buildPhases = (
				1DC304022AA6455C00A683EB /* Sources */,
				1DC304032AA6455C00A683EB /* Frameworks */,
				1DC304042AA6455C00A683EB /* CopyFiles */,
			);
			buildRules = (
			);
			dependencies = (
			);
			name = Algorithm;
			productName = Algorithm;
			productReference = 1DC304062AA6455C00A683EB /* Algorithm */;
			productType = "com.apple.product-type.tool";
		};
/* End PBXNativeTarget section */

/* Begin PBXProject section */
		1DC303FE2AA6455C00A683EB /* Project object */ = {
			isa = PBXProject;
			attributes = {
				BuildIndependentTargetsInParallel = 1;
				LastSwiftUpdateCheck = 1430;
				LastUpgradeCheck = 1430;
				TargetAttributes = {
					1DC304052AA6455C00A683EB = {
						CreatedOnToolsVersion = 14.3.1;
						LastSwiftMigration = 1430;
					};
				};
			};
			buildConfigurationList = 1DC304012AA6455C00A683EB /* Build configuration list for PBXProject "Algorithm" */;
			compatibilityVersion = "Xcode 14.0";
			developmentRegion = en;
			hasScannedForEncodings = 0;
			knownRegions = (
				en,
				Base,
			);
			mainGroup = 1DC303FD2AA6455C00A683EB;
			productRefGroup = 1DC304072AA6455C00A683EB /* Products */;
			projectDirPath = "";
			projectRoot = "";
			targets = (
				1DC304052AA6455C00A683EB /* Algorithm */,
			);
		};
/* End PBXProject section */

/* Begin PBXSourcesBuildPhase section */
		1DC304022AA6455C00A683EB /* Sources */ = {
			isa = PBXSourcesBuildPhase;
			buildActionMask = 2147483647;
			files = (
				1DCA398A2AB8017B000E5EAF /* main.swift in Sources */,
			);
			runOnlyForDeploymentPostprocessing = 0;
		};
/* End PBXSourcesBuildPhase section */

/* Begin XCBuildConfiguration section */
		1DC3040B2AA6455C00A683EB /* Debug */ = {
			isa = XCBuildConfiguration;
			buildSettings = {
				ALWAYS_SEARCH_USER_PATHS = NO;
				CLANG_ANALYZER_NONNULL = YES;
				CLANG_ANALYZER_NUMBER_OBJECT_CONVERSION = YES_AGGRESSIVE;
				CLANG_CXX_LANGUAGE_STANDARD = "gnu++20";
				CLANG_ENABLE_MODULES = YES;
				CLANG_ENABLE_OBJC_ARC = YES;
				CLANG_ENABLE_OBJC_WEAK = YES;
				CLANG_WARN_BLOCK_CAPTURE_AUTORELEASING = YES;
				CLANG_WARN_BOOL_CONVERSION = YES;
				CLANG_WARN_COMMA = YES;
				CLANG_WARN_CONSTANT_CONVERSION = YES;
				CLANG_WARN_DEPRECATED_OBJC_IMPLEMENTATIONS = YES;
				CLANG_WARN_DIRECT_OBJC_ISA_USAGE = YES_ERROR;
				CLANG_WARN_DOCUMENTATION_COMMENTS = YES;
				CLANG_WARN_EMPTY_BODY = YES;
				CLANG_WARN_ENUM_CONVERSION = YES;
				CLANG_WARN_INFINITE_RECURSION = YES;
				CLANG_WARN_INT_CONVERSION = YES;
				CLANG_WARN_NON_LITERAL_NULL_CONVERSION = YES;
				CLANG_WARN_OBJC_IMPLICIT_RETAIN_SELF = YES;
				CLANG_WARN_OBJC_LITERAL_CONVERSION = YES;
				CLANG_WARN_OBJC_ROOT_CLASS = YES_ERROR;
				CLANG_WARN_QUOTED_INCLUDE_IN_FRAMEWORK_HEADER = YES;
				CLANG_WARN_RANGE_LOOP_ANALYSIS = YES;
				CLANG_WARN_STRICT_PROTOTYPES = YES;
				CLANG_WARN_SUSPICIOUS_MOVE = YES;
				CLANG_WARN_UNGUARDED_AVAILABILITY = YES_AGGRESSIVE;
				CLANG_WARN_UNREACHABLE_CODE = YES;
				CLANG_WARN__DUPLICATE_METHOD_MATCH = YES;
				COPY_PHASE_STRIP = NO;
				DEBUG_INFORMATION_FORMAT = dwarf;
				ENABLE_STRICT_OBJC_MSGSEND = YES;
				ENABLE_TESTABILITY = YES;
				GCC_C_LANGUAGE_STANDARD = gnu11;
				GCC_DYNAMIC_NO_PIC = NO;
				GCC_NO_COMMON_BLOCKS = YES;
				GCC_OPTIMIZATION_LEVEL = 0;
				GCC_PREPROCESSOR_DEFINITIONS = (
					"DEBUG=1",
					"$(inherited)",
				);
				GCC_WARN_64_TO_32_BIT_CONVERSION = YES;
				GCC_WARN_ABOUT_RETURN_TYPE = YES_ERROR;
				GCC_WARN_UNDECLARED_SELECTOR = YES;
				GCC_WARN_UNINITIALIZED_AUTOS = YES_AGGRESSIVE;
				GCC_WARN_UNUSED_FUNCTION = YES;
				GCC_WARN_UNUSED_VARIABLE = YES;
				MACOSX_DEPLOYMENT_TARGET = 13.3;
				MTL_ENABLE_DEBUG_INFO = INCLUDE_SOURCE;
				MTL_FAST_MATH = YES;
				ONLY_ACTIVE_ARCH = YES;
				SDKROOT = macosx;
				SWIFT_ACTIVE_COMPILATION_CONDITIONS = DEBUG;
				SWIFT_OPTIMIZATION_LEVEL = "-Onone";
			};
			name = Debug;
		};
		1DC3040C2AA6455C00A683EB /* Release */ = {
			isa = XCBuildConfiguration;
			buildSettings = {
				ALWAYS_SEARCH_USER_PATHS = NO;
				CLANG_ANALYZER_NONNULL = YES;
				CLANG_ANALYZER_NUMBER_OBJECT_CONVERSION = YES_AGGRESSIVE;
				CLANG_CXX_LANGUAGE_STANDARD = "gnu++20";
				CLANG_ENABLE_MODULES = YES;
				CLANG_ENABLE_OBJC_ARC = YES;
				CLANG_ENABLE_OBJC_WEAK = YES;
				CLANG_WARN_BLOCK_CAPTURE_AUTORELEASING = YES;
				CLANG_WARN_BOOL_CONVERSION = YES;
				CLANG_WARN_COMMA = YES;
				CLANG_WARN_CONSTANT_CONVERSION = YES;
				CLANG_WARN_DEPRECATED_OBJC_IMPLEMENTATIONS = YES;
				CLANG_WARN_DIRECT_OBJC_ISA_USAGE = YES_ERROR;
				CLANG_WARN_DOCUMENTATION_COMMENTS = YES;
				CLANG_WARN_EMPTY_BODY = YES;
				CLANG_WARN_ENUM_CONVERSION = YES;
				CLANG_WARN_INFINITE_RECURSION = YES;
				CLANG_WARN_INT_CONVERSION = YES;
				CLANG_WARN_NON_LITERAL_NULL_CONVERSION = YES;
				CLANG_WARN_OBJC_IMPLICIT_RETAIN_SELF = YES;
				CLANG_WARN_OBJC_LITERAL_CONVERSION = YES;
				CLANG_WARN_OBJC_ROOT_CLASS = YES_ERROR;
				CLANG_WARN_QUOTED_INCLUDE_IN_FRAMEWORK_HEADER = YES;
				CLANG_WARN_RANGE_LOOP_ANALYSIS = YES;
				CLANG_WARN_STRICT_PROTOTYPES = YES;
				CLANG_WARN_SUSPICIOUS_MOVE = YES;
				CLANG_WARN_UNGUARDED_AVAILABILITY = YES_AGGRESSIVE;
				CLANG_WARN_UNREACHABLE_CODE = YES;
				CLANG_WARN__DUPLICATE_METHOD_MATCH = YES;
				COPY_PHASE_STRIP = NO;
				DEBUG_INFORMATION_FORMAT = "dwarf-with-dsym";
				ENABLE_NS_ASSERTIONS = NO;
				ENABLE_STRICT_OBJC_MSGSEND = YES;
				GCC_C_LANGUAGE_STANDARD = gnu11;
				GCC_NO_COMMON_BLOCKS = YES;
				GCC_WARN_64_TO_32_BIT_CONVERSION = YES;
				GCC_WARN_ABOUT_RETURN_TYPE = YES_ERROR;
				GCC_WARN_UNDECLARED_SELECTOR = YES;
				GCC_WARN_UNINITIALIZED_AUTOS = YES_AGGRESSIVE;
				GCC_WARN_UNUSED_FUNCTION = YES;
				GCC_WARN_UNUSED_VARIABLE = YES;
				MACOSX_DEPLOYMENT_TARGET = 13.3;
				MTL_ENABLE_DEBUG_INFO = NO;
				MTL_FAST_MATH = YES;
				SDKROOT = macosx;
				SWIFT_COMPILATION_MODE = wholemodule;
				SWIFT_OPTIMIZATION_LEVEL = "-O";
			};
			name = Release;
		};
		1DC3040E2AA6455C00A683EB /* Debug */ = {
			isa = XCBuildConfiguration;
			buildSettings = {
				CLANG_ENABLE_MODULES = YES;
				CODE_SIGN_STYLE = Automatic;
				DEVELOPMENT_TEAM = D2Z7W8F79Y;
				ENABLE_HARDENED_RUNTIME = YES;
				PRODUCT_NAME = "$(TARGET_NAME)";
				SWIFT_OBJC_BRIDGING_HEADER = "Algorithm_boj/Algorithm-Bridging-Header.h";
				SWIFT_OPTIMIZATION_LEVEL = "-Onone";
				SWIFT_VERSION = 5.0;
			};
			name = Debug;
		};
		1DC3040F2AA6455C00A683EB /* Release */ = {
			isa = XCBuildConfiguration;
			buildSettings = {
				CLANG_ENABLE_MODULES = YES;
				CODE_SIGN_STYLE = Automatic;
				DEVELOPMENT_TEAM = D2Z7W8F79Y;
				ENABLE_HARDENED_RUNTIME = YES;
				PRODUCT_NAME = "$(TARGET_NAME)";
				SWIFT_OBJC_BRIDGING_HEADER = "Algorithm_boj/Algorithm-Bridging-Header.h";
				SWIFT_VERSION = 5.0;
			};
			name = Release;
		};
/* End XCBuildConfiguration section */

/* Begin XCConfigurationList section */
		1DC304012AA6455C00A683EB /* Build configuration list for PBXProject "Algorithm" */ = {
			isa = XCConfigurationList;
			buildConfigurations = (
				1DC3040B2AA6455C00A683EB /* Debug */,
				1DC3040C2AA6455C00A683EB /* Release */,
			);
			defaultConfigurationIsVisible = 0;
			defaultConfigurationName = Release;
		};
		1DC3040D2AA6455C00A683EB /* Build configuration list for PBXNativeTarget "Algorithm" */ = {
			isa = XCConfigurationList;
			buildConfigurations = (
				1DC3040E2AA6455C00A683EB /* Debug */,
				1DC3040F2AA6455C00A683EB /* Release */,
			);
			defaultConfigurationIsVisible = 0;
			defaultConfigurationName = Release;
		};
/* End XCConfigurationList section */
	};
	rootObject = 1DC303FE2AA6455C00A683EB /* Project object */;
}
